PODS:
  - com.awareframework.ios.sensor.applewatch (0.1.1):
    - com.awareframework.ios.sensor.core (~> 0.6.1)
    - DataCompression (~> 3.8.0)
  - com.awareframework.ios.sensor.core (0.6.1):
    - Networking (~> 4.4.0)
    - RealmSwift (~> 10.39)
    - SwiftyJSON (~> 5.0.1)
  - com.awareframework.ios.sensor.locations (0.6.1):
    - com.awareframework.ios.sensor.core (~> 0.6.1)
  - DataCompression (3.8.0)
  - FBSnapshotTestCase (2.1.4):
    - FBSnapshotTestCase/SwiftSupport (= 2.1.4)
  - FBSnapshotTestCase/Core (2.1.4)
  - FBSnapshotTestCase/SwiftSupport (2.1.4):
    - FBSnapshotTestCase/Core
  - iOSSnapshotTestCase (8.0.0):
    - iOSSnapshotTestCase/SwiftSupport (= 8.0.0)
  - iOSSnapshotTestCase/Core (8.0.0)
  - iOSSnapshotTestCase/SwiftSupport (8.0.0):
    - iOSSnapshotTestCase/Core
  - Networking (4.4.0)
  - Nimble (10.0.0)
  - Nimble-Snapshots (9.4.0):
    - Nimble-Snapshots/Core (= 9.4.0)
  - Nimble-Snapshots/Core (9.4.0):
    - iOSSnapshotTestCase (~> 8.0)
    - Nimble
  - Quick (2.2.1)
  - Realm (10.43.0):
    - Realm/Headers (= 10.43.0)
  - Realm/Headers (10.43.0)
  - RealmSwift (10.43.0):
    - Realm (= 10.43.0)
  - SwiftyJSON (5.0.1)

DEPENDENCIES:
  - com.awareframework.ios.sensor.applewatch (from `../`)
  - com.awareframework.ios.sensor.locations
  - FBSnapshotTestCase (~> 2.1.4)
  - Nimble (~> 10.0.0)
  - Nimble-Snapshots (~> 9.4.0)
  - Quick (~> 2.2.0)

SPEC REPOS:
  trunk:
    - com.awareframework.ios.sensor.core
    - com.awareframework.ios.sensor.locations
    - DataCompression
    - FBSnapshotTestCase
    - iOSSnapshotTestCase
    - Networking
    - Nimble
    - Nimble-Snapshots
    - Quick
    - Realm
    - RealmSwift
    - SwiftyJSON

EXTERNAL SOURCES:
  com.awareframework.ios.sensor.applewatch:
    :path: "../"

SPEC CHECKSUMS:
  com.awareframework.ios.sensor.applewatch: 509332b06845ee6d41ac585dd1e7f7e571ac930b
  com.awareframework.ios.sensor.core: fbb5538ce29b5235bf65aaf490a3958b6a858765
  com.awareframework.ios.sensor.locations: 677fc49cd125970cd2c3f748462c3610a39ec14d
  DataCompression: 630f9e7db6360b4d8929fb72fbd23689ca43bc16
  FBSnapshotTestCase: 094f9f314decbabe373b87cc339bea235a63e07a
  iOSSnapshotTestCase: a670511f9ee3829c2b9c23e6e68f315fd7b6790f
  Networking: cbef47ab030af248248c26a696adb88989b52ef1
  Nimble: 5316ef81a170ce87baf72dd961f22f89a602ff84
  Nimble-Snapshots: ef281b908c604f78c8313587e25ea92c8ab513d7
  Quick: f5754d69b7013f5864c29aab9ae6f0c79c5bc200
  Realm: fc65bea3f5c3da2ecdc76324f180e054e7cf4eb0
  RealmSwift: a7d48361c585769690c175428cc2bf15e1074444
  SwiftyJSON: 2f33a42c6fbc52764d96f13368585094bfd8aa5e

PODFILE CHECKSUM: 65b38927962e2f5729d18f25f63ae86cd56e0669

COCOAPODS: 1.12.1
