PODS:
  - com.awareframework.ios.sensor.applewatch (0.7.0):
    - com.awareframework.ios.sensor.core (~> 0.7.0)
    - DataCompression (~> 3.8.0)
  - com.awareframework.ios.sensor.core (0.7.3):
    - RealmSwift (~> 20.0.0)
    - SwiftyJSON (~> 5.0.2)
  - com.awareframework.ios.sensor.locations (0.7.1):
    - com.awareframework.ios.sensor.core (~> 0.7)
  - DataCompression (3.8.0)
  - FBSnapshotTestCase (2.1.4):
    - FBSnapshotTestCase/SwiftSupport (= 2.1.4)
  - FBSnapshotTestCase/Core (2.1.4)
  - FBSnapshotTestCase/SwiftSupport (2.1.4):
    - FBSnapshotTestCase/Core
  - Quick (2.2.1)
  - Realm (20.0.0):
    - Realm/Headers (= 20.0.0)
  - Realm/Headers (20.0.0)
  - RealmSwift (20.0.0):
    - Realm (= 20.0.0)
  - SwiftyJSON (5.0.2)

DEPENDENCIES:
  - com.awareframework.ios.sensor.applewatch (from `../`)
  - com.awareframework.ios.sensor.locations
  - FBSnapshotTestCase (~> 2.1.4)
  - Quick (~> 2.2.0)

SPEC REPOS:
  trunk:
    - com.awareframework.ios.sensor.core
    - com.awareframework.ios.sensor.locations
    - DataCompression
    - FBSnapshotTestCase
    - Quick
    - Realm
    - RealmSwift
    - SwiftyJSON

EXTERNAL SOURCES:
  com.awareframework.ios.sensor.applewatch:
    :path: "../"

SPEC CHECKSUMS:
  com.awareframework.ios.sensor.applewatch: 941b160231f712678eda8ba5750bdaa6446378b1
  com.awareframework.ios.sensor.core: 534dbc507fffcade3c0894302f251c1e70038daa
  com.awareframework.ios.sensor.locations: 81dc22ec8725f0b70a6deb2b200825ecc8b69737
  DataCompression: 630f9e7db6360b4d8929fb72fbd23689ca43bc16
  FBSnapshotTestCase: 094f9f314decbabe373b87cc339bea235a63e07a
  Quick: f5754d69b7013f5864c29aab9ae6f0c79c5bc200
  Realm: a799b5f9145623fb0bfe149fe81422863631dd0f
  RealmSwift: f8c4354ebd5053343e6ab9f4eda244145308a51e
  SwiftyJSON: f5b1bf1cd8dd53cd25887ac0eabcfd92301c6a5a

PODFILE CHECKSUM: 33f0fa37824f7275d88555acb35a6c3db4b1e8d5

COCOAPODS: 1.15.2
