PODS:
  - com.awareframework.ios.sensor.applewatch (0.1.1):
    - com.awareframework.ios.sensor.core (~> 0.6.1)
    - DataCompression (~> 3.8.0)
  - com.awareframework.ios.sensor.core (0.6.1):
    - Networking (~> 4.4.0)
    - RealmSwift (~> 10.39)
    - SwiftyJSON (~> 5.0.1)
  - com.awareframework.ios.sensor.locations (0.1.5):
    - com.awareframework.ios.sensor.core
  - DataCompression (3.8.0)
  - FBSnapshotTestCase (2.1.4):
    - FBSnapshotTestCase/SwiftSupport (= 2.1.4)
  - FBSnapshotTestCase/Core (2.1.4)
  - FBSnapshotTestCase/SwiftSupport (2.1.4):
    - FBSnapshotTestCase/Core
  - iOSSnapshotTestCase (8.0.0):
    - iOSSnapshotTestCase/SwiftSupport (= 8.0.0)
  - iOSSnapshotTestCase/Core (8.0.0)
  - iOSSnapshotTestCase/SwiftSupport (8.0.0):
    - iOSSnapshotTestCase/Core
  - Networking (4.4.0)
  - Nimble (10.0.0)
  - Nimble-Snapshots (9.4.0):
    - Nimble-Snapshots/Core (= 9.4.0)
  - Nimble-Snapshots/Core (9.4.0):
    - iOSSnapshotTestCase (~> 8.0)
    - Nimble
  - Quick (2.2.1)
  - Realm (10.39.1):
    - Realm/Headers (= 10.39.1)
  - Realm/Headers (10.39.1)
  - RealmSwift (10.39.1):
    - Realm (= 10.39.1)
  - SwiftyJSON (5.0.1)

DEPENDENCIES:
  - com.awareframework.ios.sensor.applewatch (from `../`)
  - com.awareframework.ios.sensor.locations
  - FBSnapshotTestCase (~> 2.1.4)
  - Nimble (~> 10.0.0)
  - Nimble-Snapshots (~> 9.4.0)
  - Quick (~> 2.2.0)

SPEC REPOS:
  trunk:
    - com.awareframework.ios.sensor.core
    - com.awareframework.ios.sensor.locations
    - DataCompression
    - FBSnapshotTestCase
    - iOSSnapshotTestCase
    - Networking
    - Nimble
    - Nimble-Snapshots
    - Quick
    - Realm
    - RealmSwift
    - SwiftyJSON

EXTERNAL SOURCES:
  com.awareframework.ios.sensor.applewatch:
    :path: "../"

SPEC CHECKSUMS:
  com.awareframework.ios.sensor.applewatch: 45d1e57388cd893641733c682756b089032448a9
  com.awareframework.ios.sensor.core: fbb5538ce29b5235bf65aaf490a3958b6a858765
  com.awareframework.ios.sensor.locations: 94f3bcae6fe036502f5a1aafd97e0b0c9e1bed6c
  DataCompression: 630f9e7db6360b4d8929fb72fbd23689ca43bc16
  FBSnapshotTestCase: 094f9f314decbabe373b87cc339bea235a63e07a
  iOSSnapshotTestCase: a670511f9ee3829c2b9c23e6e68f315fd7b6790f
  Networking: cbef47ab030af248248c26a696adb88989b52ef1
  Nimble: 5316ef81a170ce87baf72dd961f22f89a602ff84
  Nimble-Snapshots: ef281b908c604f78c8313587e25ea92c8ab513d7
  Quick: f5754d69b7013f5864c29aab9ae6f0c79c5bc200
  Realm: 1f3157edf145f4d9036765ab550c8cb18f62b700
  RealmSwift: 8a69a1cb788cd5865966f49667b130567e07bceb
  SwiftyJSON: 2f33a42c6fbc52764d96f13368585094bfd8aa5e

PODFILE CHECKSUM: 27510c08a4a7527c61f8f2fe931145cd785a7e1c

COCOAPODS: 1.12.1
