{
  "originHash" : "7d0e36537079cc1d7f622c3acebda1283773fc39cbf2ba43d8a36a6c7fbc2338",
  "pins" : [
    {
      "identity" : "com.awareframework.ios.core",
      "kind" : "remoteSourceControl",
      "location" : "https://github.com/awareframework/com.awareframework.ios.core.git",
      "state" : {
        "revision" : "5469ca3bc51bf850a141ed1dbb1e220984dafcb7",
        "version" : "1.3.0"
      }
    },
    {
      "identity" : "datacompression",
      "kind" : "remoteSourceControl",
      "location" : "https://github.com/mw99/DataCompression.git",
      "state" : {
        "revision" : "16f858982a077451ce3bdbd9144d3073ec85b6e4",
        "version" : "3.9.0"
      }
    },
    {
      "identity" : "grdb.swift",
      "kind" : "remoteSourceControl",
      "location" : "https://github.com/groue/GRDB.swift.git",
      "state" : {
        "revision" : "aa0079aeb82a4bf00324561a40bffe68c6fe1c26",
        "version" : "7.9.0"
      }
    },
    {
      "identity" : "reachability.swift",
      "kind" : "remoteSourceControl",
      "location" : "https://github.com/ashleymills/Reachability.swift.git",
      "state" : {
        "revision" : "21d1dc412cfecbe6e34f1f4c4eb88d3f912654a6",
        "version" : "5.2.4"
      }
    },
    {
      "identity" : "swiftyjson",
      "kind" : "remoteSourceControl",
      "location" : "https://github.com/SwiftyJSON/SwiftyJSON.git",
      "state" : {
        "revision" : "af76cf3ef710b6ca5f8c05f3a31307d44a3c5828",
        "version" : "5.0.2"
      }
    }
  ],
  "version" : 3
}
